# This file is generated by running "yarn install" inside your project.
# Manual changes might be lost - proceed with caution!

__metadata:
  version: 8
  cacheKey: 10c0

"@notionhq/client@npm:^0.2.2":
  version: 0.2.2
  resolution: "@notionhq/client@npm:0.2.2"
  dependencies:
    "@types/node-fetch": "npm:^2.5.10"
    node-fetch: "npm:^2.6.1"
  checksum: 4ff411a156add1178d10daa4be58e5fa252ce0b7a1d970c14a42115a1b6b44d09c6ed264f2af8bf0443e39762427a6c69310713fdf1adb341a78bacef79bebdc
  languageName: node
  linkType: hard

"@octokit/auth-token@npm:^2.4.4":
  version: 2.4.5
  resolution: "@octokit/auth-token@npm:2.4.5"
  dependencies:
    "@octokit/types": "npm:^6.0.3"
  checksum: f3b97f97d2605ba075d19c565cf8b1439f55f6319dd3722e495dac59141a56ecd4db4dc5ce168389bb66913194cc7d4c93c237f6d63e5ab3ce394777d296a239
  languageName: node
  linkType: hard

"@octokit/core@npm:^3.5.1":
  version: 3.5.1
  resolution: "@octokit/core@npm:3.5.1"
  dependencies:
    "@octokit/auth-token": "npm:^2.4.4"
    "@octokit/graphql": "npm:^4.5.8"
    "@octokit/request": "npm:^5.6.0"
    "@octokit/request-error": "npm:^2.0.5"
    "@octokit/types": "npm:^6.0.3"
    before-after-hook: "npm:^2.2.0"
    universal-user-agent: "npm:^6.0.0"
  checksum: a85c3cd23467e805fc429d6824e5fd142758a5259c4a66dd702153fdeda5185142a1452fa800611aaa71c7e871a0a53effc980eae65a39fdc92beff0c2fe269c
  languageName: node
  linkType: hard

"@octokit/endpoint@npm:^6.0.1":
  version: 6.0.12
  resolution: "@octokit/endpoint@npm:6.0.12"
  dependencies:
    "@octokit/types": "npm:^6.0.3"
    is-plain-object: "npm:^5.0.0"
    universal-user-agent: "npm:^6.0.0"
  checksum: b2d9c91f00ab7c997338d08a06bfd12a67d86060bc40471f921ba424e4de4e5a0a1117631f2a8a8787107d89d631172dd157cb5e2633674b1ae3a0e2b0dcfa3e
  languageName: node
  linkType: hard

"@octokit/graphql@npm:^4.5.8":
  version: 4.6.4
  resolution: "@octokit/graphql@npm:4.6.4"
  dependencies:
    "@octokit/request": "npm:^5.6.0"
    "@octokit/types": "npm:^6.0.3"
    universal-user-agent: "npm:^6.0.0"
  checksum: c223af8f56e139e0dc51e8224684386ecee6548c07694afca306befde9649cc898588bdcce5d46003a019f19318effbb5dc8daa9ed7c66e659707d366b3ab8e6
  languageName: node
  linkType: hard

"@octokit/openapi-types@npm:^8.3.0":
  version: 8.3.0
  resolution: "@octokit/openapi-types@npm:8.3.0"
  checksum: 9141ece50339c74c51238253f78a41775c708907fb3e27a88a3f1850c0cc66502eb8b7aa45fe9efa37834b270326ad265ddcfce4a6ba78761bcb8d51fdbe0fff
  languageName: node
  linkType: hard

"@octokit/request-error@npm:^2.0.5, @octokit/request-error@npm:^2.1.0":
  version: 2.1.0
  resolution: "@octokit/request-error@npm:2.1.0"
  dependencies:
    "@octokit/types": "npm:^6.0.3"
    deprecation: "npm:^2.0.0"
    once: "npm:^1.4.0"
  checksum: eb50eb2734aa903f1e855ac5887bb76d6f237a3aaa022b09322a7676c79bb8020259b25f84ab895c4fc7af5cc736e601ec8cc7e9040ca4629bac8cb393e91c40
  languageName: node
  linkType: hard

"@octokit/request@npm:^5.6.0":
  version: 5.6.0
  resolution: "@octokit/request@npm:5.6.0"
  dependencies:
    "@octokit/endpoint": "npm:^6.0.1"
    "@octokit/request-error": "npm:^2.1.0"
    "@octokit/types": "npm:^6.16.1"
    is-plain-object: "npm:^5.0.0"
    node-fetch: "npm:^2.6.1"
    universal-user-agent: "npm:^6.0.0"
  checksum: e92f53643ce8a179982fed9c3814e09ec1be6451b5861d8b6451c3a3e93cce11e5725afef5b4c47b92922eba7e82a6c1601f5cb6c44f7172654b17f6240e504f
  languageName: node
  linkType: hard

"@octokit/types@npm:^6.0.3, @octokit/types@npm:^6.16.1":
  version: 6.19.0
  resolution: "@octokit/types@npm:6.19.0"
  dependencies:
    "@octokit/openapi-types": "npm:^8.3.0"
  checksum: b61312bae18ecc5f7be0ca872c1ac2f46606a39d1a577ce9d85296e2dab79881f7071d7acfb6389837b4ac0aed8cba09e4639455e3e63fabe3f830e399b8e2fd
  languageName: node
  linkType: hard

"@tsconfig/node10@npm:^1.0.7":
  version: 1.0.8
  resolution: "@tsconfig/node10@npm:1.0.8"
  checksum: d400f7b5c02acd74620f892c0f41cea39e7c1b5f7f272ad6f127f4b1fba23346b2d8e30d272731a733675494145f6aa74f9faf050390c034c7c553123ab979b3
  languageName: node
  linkType: hard

"@tsconfig/node12@npm:^1.0.7":
  version: 1.0.9
  resolution: "@tsconfig/node12@npm:1.0.9"
  checksum: fc1fb68a89d8a641953036d23d95fe68f69f74d37a499db20791b09543ad23afe7ae9ee0840eea92dd470bdcba69eef6f1ed3fe90ba64d763bcd3f738e364597
  languageName: node
  linkType: hard

"@tsconfig/node14@npm:^1.0.0":
  version: 1.0.1
  resolution: "@tsconfig/node14@npm:1.0.1"
  checksum: abd4e27d9ad712e1e229716a3dbf35d5cbb580d624a82d67414e7606cefd85d502e58800a2ab930d46a428fcfcb199436283b1a88e47d738ca1a5f7fd022ee74
  languageName: node
  linkType: hard

"@tsconfig/node16@npm:^1.0.1":
  version: 1.0.1
  resolution: "@tsconfig/node16@npm:1.0.1"
  checksum: 58b4d92a46837c7eea76562c502eb1926cd20da5d06093880f9fb977f80e5aebbe07635d4644cb77aa0a27e722fb9632223ec55d8200d604d9a67f906ef4c6b5
  languageName: node
  linkType: hard

"@types/node-fetch@npm:^2.5.10":
  version: 2.5.11
  resolution: "@types/node-fetch@npm:2.5.11"
  dependencies:
    "@types/node": "npm:*"
    form-data: "npm:^3.0.0"
  checksum: a04bcf1a30f37839a9b67036ded1943483c62645673400fefa4f7b7387e205930974d69b16dac80831f9b745a00bc11e82c23c1d012b14dbc6f57eb44a2b00a5
  languageName: node
  linkType: hard

"@types/node@npm:*, @types/node@npm:^16.3.3":
  version: 16.3.3
  resolution: "@types/node@npm:16.3.3"
  checksum: fb864e8fdb55914bbe271ea1bae83aacd4ea0eb7ddd4f4668002c100f9beb0b14d1426472ade2f2c154853456c5e6b86a5be6dcaf534cc044c1c33e2474432f7
  languageName: node
  linkType: hard

"@types/write@npm:^2.0.1":
  version: 2.0.1
  resolution: "@types/write@npm:2.0.1"
  dependencies:
    "@types/node": "npm:*"
  checksum: 8d3428fa4fe6ddad1f37b0d64f0e7ec02e5022829cc7fb86c4650b8ac1407ae25ac0acfd125ff2860c35619235368e05c54153eb511921f98900f162ef66b11e
  languageName: node
  linkType: hard

"add-filename-increment@npm:^1.0.0":
  version: 1.0.0
  resolution: "add-filename-increment@npm:1.0.0"
  dependencies:
    strip-filename-increment: "npm:^2.0.1"
  checksum: 5fb20306be97990236088fde838b24e2394846efccb47bdb717276c9d207566bb80e90d294d0febdf8459e7954be8f7d9bfb5160aa976c9b967e0d31cc5f20e4
  languageName: node
  linkType: hard

"arg@npm:^4.1.0":
  version: 4.1.3
  resolution: "arg@npm:4.1.3"
  checksum: 070ff801a9d236a6caa647507bdcc7034530604844d64408149a26b9e87c2f97650055c0f049abd1efc024b334635c01f29e0b632b371ac3f26130f4cf65997a
  languageName: node
  linkType: hard

"asynckit@npm:^0.4.0":
  version: 0.4.0
  resolution: "asynckit@npm:0.4.0"
  checksum: d73e2ddf20c4eb9337e1b3df1a0f6159481050a5de457c55b14ea2e5cb6d90bb69e004c9af54737a5ee0917fcf2c9e25de67777bbe58261847846066ba75bc9d
  languageName: node
  linkType: hard

"before-after-hook@npm:^2.2.0":
  version: 2.2.2
  resolution: "before-after-hook@npm:2.2.2"
  checksum: 7457bfb8f40e8cbce943ea6e6531261925c6c8a451fea540762367a3e2e52b5979978963a7ec65f232a4f5b87310930bf152c9a055608c64ecee5115bad60b9a
  languageName: node
  linkType: hard

"buffer-from@npm:^1.0.0":
  version: 1.1.1
  resolution: "buffer-from@npm:1.1.1"
  checksum: a8c5057c985d8071e7a64988ad72f313e08eb3001eda76bead78b1f9afc7a07d20be9677eed0b5791727baeecd56360fe541bc5dd74feb40efe202a74584d533
  languageName: node
  linkType: hard

"combined-stream@npm:^1.0.8":
  version: 1.0.8
  resolution: "combined-stream@npm:1.0.8"
  dependencies:
    delayed-stream: "npm:~1.0.0"
  checksum: 0dbb829577e1b1e839fa82b40c07ffaf7de8a09b935cadd355a73652ae70a88b4320db322f6634a4ad93424292fa80973ac6480986247f1734a1137debf271d5
  languageName: node
  linkType: hard

"create-require@npm:^1.1.0":
  version: 1.1.1
  resolution: "create-require@npm:1.1.1"
  checksum: 157cbc59b2430ae9a90034a5f3a1b398b6738bf510f713edc4d4e45e169bc514d3d99dd34d8d01ca7ae7830b5b8b537e46ae8f3c8f932371b0875c0151d7ec91
  languageName: node
  linkType: hard

"delayed-stream@npm:~1.0.0":
  version: 1.0.0
  resolution: "delayed-stream@npm:1.0.0"
  checksum: d758899da03392e6712f042bec80aa293bbe9e9ff1b2634baae6a360113e708b91326594c8a486d475c69d6259afb7efacdc3537bfcda1c6c648e390ce601b19
  languageName: node
  linkType: hard

"deprecation@npm:^2.0.0":
  version: 2.3.1
  resolution: "deprecation@npm:2.3.1"
  checksum: 23d688ba66b74d09b908c40a76179418acbeeb0bfdf218c8075c58ad8d0c315130cb91aa3dffb623aa3a411a3569ce56c6460de6c8d69071c17fe6dd2442f032
  languageName: node
  linkType: hard

"diff@npm:^4.0.1":
  version: 4.0.2
  resolution: "diff@npm:4.0.2"
  checksum: 81b91f9d39c4eaca068eb0c1eb0e4afbdc5bb2941d197f513dd596b820b956fef43485876226d65d497bebc15666aa2aa82c679e84f65d5f2bfbf14ee46e32c1
  languageName: node
  linkType: hard

"form-data@npm:^3.0.0":
  version: 3.0.1
  resolution: "form-data@npm:3.0.1"
  dependencies:
    asynckit: "npm:^0.4.0"
    combined-stream: "npm:^1.0.8"
    mime-types: "npm:^2.1.12"
  checksum: 1ccc3ae064a080a799923f754d49fcebdd90515a8924f0f54de557540b50e7f1fe48ba5f2bd0435a5664aa2d49729107e6aaf2155a9abf52339474c5638b4485
  languageName: node
  linkType: hard

"is-plain-object@npm:^5.0.0":
  version: 5.0.0
  resolution: "is-plain-object@npm:5.0.0"
  checksum: 893e42bad832aae3511c71fd61c0bf61aa3a6d853061c62a307261842727d0d25f761ce9379f7ba7226d6179db2a3157efa918e7fe26360f3bf0842d9f28942c
  languageName: node
  linkType: hard

"make-error@npm:^1.1.1":
  version: 1.3.6
  resolution: "make-error@npm:1.3.6"
  checksum: 171e458d86854c6b3fc46610cfacf0b45149ba043782558c6875d9f42f222124384ad0b468c92e996d815a8a2003817a710c0a160e49c1c394626f76fa45396f
  languageName: node
  linkType: hard

"mime-db@npm:1.48.0":
  version: 1.48.0
  resolution: "mime-db@npm:1.48.0"
  checksum: 58a17590ba92d4de1c88cb41199f8746baaeed5de7aaa76d94925d3f015f37cce65614e6621b545f382ddaa0063e8d8e8aeaf205fd6422be0f04d6aa56e3f8aa
  languageName: node
  linkType: hard

"mime-types@npm:^2.1.12":
  version: 2.1.31
  resolution: "mime-types@npm:2.1.31"
  dependencies:
    mime-db: "npm:1.48.0"
  checksum: 8adf6de32bf5be25049a0816c751bf69aa7d245abbeffd1d594b692159616762d30831dae21d37d5e433cd5b824f759ce0e6286c436e140dd71ab8a00d90cdea
  languageName: node
  linkType: hard

"node-fetch@npm:^2.6.1":
  version: 2.6.1
  resolution: "node-fetch@npm:2.6.1"
  checksum: c58586d121782df045681e29608f940be90c7d8c4cada29957c148cfcc5e2d81d74b690cf10ee6879ed055da7ea821450a74ff43f3bde651cf6c8a5f34a77e2a
  languageName: node
  linkType: hard

"notionstar@workspace:.":
  version: 0.0.0-use.local
  resolution: "notionstar@workspace:."
  dependencies:
    "@notionhq/client": "npm:^0.2.2"
    "@octokit/core": "npm:^3.5.1"
    "@tsconfig/node16": "npm:^1.0.1"
    "@types/node": "npm:^16.3.3"
    "@types/write": "npm:^2.0.1"
    prettier: "npm:^2.3.2"
    ts-node: "npm:^10.1.0"
    typescript: "npm:^4.3.5"
    write: "npm:^2.0.0"
  languageName: unknown
  linkType: soft

"once@npm:^1.4.0":
  version: 1.4.0
  resolution: "once@npm:1.4.0"
  dependencies:
    wrappy: "npm:1"
  checksum: 5d48aca287dfefabd756621c5dfce5c91a549a93e9fdb7b8246bc4c4790aa2ec17b34a260530474635147aeb631a2dcc8b32c613df0675f96041cbb8244517d0
  languageName: node
  linkType: hard

"prettier@npm:^2.3.2":
  version: 2.3.2
  resolution: "prettier@npm:2.3.2"
  bin:
    prettier: bin-prettier.js
  checksum: 40f159f05808966ff4c57e147651cf038adb7f5af3fbca8d999b87ccbaeff7d73cf9038a45f667a8c18cbb049c1a980a752fa8987dfd3dcdd66e932e366f40be
  languageName: node
  linkType: hard

"source-map-support@npm:^0.5.17":
  version: 0.5.19
  resolution: "source-map-support@npm:0.5.19"
  dependencies:
    buffer-from: "npm:^1.0.0"
    source-map: "npm:^0.6.0"
  checksum: a232cb02dc5c2c048460dff3ca1a4c2aa44488822028932daff99b8707c8e4f87d2535dae319d65691c905096f2c06a2517793472634efb01f8a095661b9aa93
  languageName: node
  linkType: hard

"source-map@npm:^0.6.0":
  version: 0.6.1
  resolution: "source-map@npm:0.6.1"
  checksum: ab55398007c5e5532957cb0beee2368529618ac0ab372d789806f5718123cc4367d57de3904b4e6a4170eb5a0b0f41373066d02ca0735a0c4d75c7d328d3e011
  languageName: node
  linkType: hard

"strip-filename-increment@npm:^2.0.1":
  version: 2.0.1
  resolution: "strip-filename-increment@npm:2.0.1"
  checksum: 6f9df8d49742310dcca88b9d5938a17589bd46269170b85d977ffb37c87d3d24d014b68acc742660efabc4e2e4fa29d793ae740a8b63d878563b437cc5e8cc47
  languageName: node
  linkType: hard

"ts-node@npm:^10.1.0":
  version: 10.1.0
  resolution: "ts-node@npm:10.1.0"
  dependencies:
    "@tsconfig/node10": "npm:^1.0.7"
    "@tsconfig/node12": "npm:^1.0.7"
    "@tsconfig/node14": "npm:^1.0.0"
    "@tsconfig/node16": "npm:^1.0.1"
    arg: "npm:^4.1.0"
    create-require: "npm:^1.1.0"
    diff: "npm:^4.0.1"
    make-error: "npm:^1.1.1"
    source-map-support: "npm:^0.5.17"
    yn: "npm:3.1.1"
  peerDependencies:
    "@swc/core": ">=1.2.50"
    "@swc/wasm": ">=1.2.50"
    "@types/node": "*"
    typescript: ">=2.7"
  peerDependenciesMeta:
    "@swc/core":
      optional: true
    "@swc/wasm":
      optional: true
  bin:
    ts-node: dist/bin.js
    ts-node-cwd: dist/bin-cwd.js
    ts-node-script: dist/bin-script.js
    ts-node-transpile-only: dist/bin-transpile.js
    ts-script: dist/bin-script-deprecated.js
  checksum: 1882daa3b30164dd1e61d25adb36939a23d27c2cee484b88f5ece59d3cace62d2f13e9b1e853150cee130210ae714c886d63920ea385d73e0b2989577bd6779d
  languageName: node
  linkType: hard

"typescript@npm:^4.3.5":
  version: 4.3.5
  resolution: "typescript@npm:4.3.5"
  bin:
    tsc: bin/tsc
    tsserver: bin/tsserver
  checksum: 7699b1635e34008eb4167ede70d475e4eaece150622e9a143de6c58b160df3c52bae00beb1cd3a836a35cb32defc4d1dc56bdfb11f7ddbebaa003e405f97ad3a
  languageName: node
  linkType: hard

"typescript@patch:typescript@npm%3A^4.3.5#optional!builtin<compat/typescript>":
  version: 4.3.5
  resolution: "typescript@patch:typescript@npm%3A4.3.5#optional!builtin<compat/typescript>::version=4.3.5&hash=dba6d9"
  bin:
    tsc: bin/tsc
    tsserver: bin/tsserver
  checksum: 8991b4a568bd5a9dab8fa470b5e51368f588e46aebde3a773d9c993ef83e8a1ec0832deae4496d2c788a23c400471117d60b8f9607578ae79779cb3f379308ae
  languageName: node
  linkType: hard

"universal-user-agent@npm:^6.0.0":
  version: 6.0.0
  resolution: "universal-user-agent@npm:6.0.0"
  checksum: ebeb0206963666c13bcf9ebc86d0577c7daed5870c05cd34d4972ee7a43b9ef20679baf2a8c83bf1b71d899bae67243ac4982d84ddaf9ba0355ff76595819961
  languageName: node
  linkType: hard

"wrappy@npm:1":
  version: 1.0.2
  resolution: "wrappy@npm:1.0.2"
  checksum: 56fece1a4018c6a6c8e28fbc88c87e0fbf4ea8fd64fc6c63b18f4acc4bd13e0ad2515189786dd2c30d3eec9663d70f4ecf699330002f8ccb547e4a18231fc9f0
  languageName: node
  linkType: hard

"write@npm:^2.0.0":
  version: 2.0.0
  resolution: "write@npm:2.0.0"
  dependencies:
    add-filename-increment: "npm:^1.0.0"
  checksum: edc4ac30c983291de66ef22f9559e4d96db152770b68a42dd498f0324b88350b734130ff2c430dc334c3f5d34521486447fd75c208da2aa6805cfaf6c5f7c8ed
  languageName: node
  linkType: hard

"yn@npm:3.1.1":
  version: 3.1.1
  resolution: "yn@npm:3.1.1"
  checksum: 0732468dd7622ed8a274f640f191f3eaf1f39d5349a1b72836df484998d7d9807fbea094e2f5486d6b0cd2414aad5775972df0e68f8604db89a239f0f4bf7443
  languageName: node
  linkType: hard
